// !$*UTF8*$!
{
	archiveVersion = 1;
	classes = {
	};
	objectVersion = 55;
	objects = {

/* Begin PBXBuildFile section */
		B4AFDC4028974A3A0055B860 /* AccountSummaryCell.swift in Sources */ = {isa = PBXBuildFile; fileRef = B4AFDC3F28974A3A0055B860 /* AccountSummaryCell.swift */; };
		B4EC9575289376950085FB7E /* AppDelegate.swift in Sources */ = {isa = PBXBuildFile; fileRef = B4EC9574289376950085FB7E /* AppDelegate.swift */; };
		B4EC9579289376960085FB7E /* LoginViewController.swift in Sources */ = {isa = PBXBuildFile; fileRef = B4EC9578289376960085FB7E /* LoginViewController.swift */; };
		B4EC957E2893769C0085FB7E /* Assets.xcassets in Resources */ = {isa = PBXBuildFile; fileRef = B4EC957D2893769C0085FB7E /* Assets.xcassets */; };
		B4EC95812893769C0085FB7E /* LaunchScreen.storyboard in Resources */ = {isa = PBXBuildFile; fileRef = B4EC957F2893769C0085FB7E /* LaunchScreen.storyboard */; };
		B4EC958C2894849E0085FB7E /* LoginView.swift in Sources */ = {isa = PBXBuildFile; fileRef = B4EC958B2894849E0085FB7E /* LoginView.swift */; };
		B4EC958F2895E0220085FB7E /* OnboardingContainerViewController.swift in Sources */ = {isa = PBXBuildFile; fileRef = B4EC958E2895E0220085FB7E /* OnboardingContainerViewController.swift */; };
		B4EC95912895F4250085FB7E /* OnboardingViewController.swift in Sources */ = {isa = PBXBuildFile; fileRef = B4EC95902895F4250085FB7E /* OnboardingViewController.swift */; };
		B4EC9593289608A60085FB7E /* DummyViewController.swift in Sources */ = {isa = PBXBuildFile; fileRef = B4EC9592289608A60085FB7E /* DummyViewController.swift */; };
		B4EC959528960DD30085FB7E /* LocalState.swift in Sources */ = {isa = PBXBuildFile; fileRef = B4EC959428960DD30085FB7E /* LocalState.swift */; };
		B4EC9599289618EC0085FB7E /* UIViewController+Utils.swift in Sources */ = {isa = PBXBuildFile; fileRef = B4EC9598289618EC0085FB7E /* UIViewController+Utils.swift */; };
		B4EC959B28961A4D0085FB7E /* MainViewController.swift in Sources */ = {isa = PBXBuildFile; fileRef = B4EC959A28961A4D0085FB7E /* MainViewController.swift */; };
		B4EC959D28970DB30085FB7E /* AccountSummaryViewController.swift in Sources */ = {isa = PBXBuildFile; fileRef = B4EC959C28970DB30085FB7E /* AccountSummaryViewController.swift */; };
		B4EC959F289711B40085FB7E /* AccountSummaryHeaderView.swift in Sources */ = {isa = PBXBuildFile; fileRef = B4EC959E289711B40085FB7E /* AccountSummaryHeaderView.swift */; };
		B4EC95A1289711D90085FB7E /* AccountSummaryHeaderView.xib in Resources */ = {isa = PBXBuildFile; fileRef = B4EC95A0289711D90085FB7E /* AccountSummaryHeaderView.xib */; };
/* End PBXBuildFile section */

/* Begin PBXFileReference section */
		B4AFDC3F28974A3A0055B860 /* AccountSummaryCell.swift */ = {isa = PBXFileReference; lastKnownFileType = sourcecode.swift; path = AccountSummaryCell.swift; sourceTree = "<group>"; };
		B4EC9571289376950085FB7E /* Bankey.app */ = {isa = PBXFileReference; explicitFileType = wrapper.application; includeInIndex = 0; path = Bankey.app; sourceTree = BUILT_PRODUCTS_DIR; };
		B4EC9574289376950085FB7E /* AppDelegate.swift */ = {isa = PBXFileReference; lastKnownFileType = sourcecode.swift; path = AppDelegate.swift; sourceTree = "<group>"; };
		B4EC9578289376960085FB7E /* LoginViewController.swift */ = {isa = PBXFileReference; lastKnownFileType = sourcecode.swift; path = LoginViewController.swift; sourceTree = "<group>"; };
		B4EC957D2893769C0085FB7E /* Assets.xcassets */ = {isa = PBXFileReference; lastKnownFileType = folder.assetcatalog; path = Assets.xcassets; sourceTree = "<group>"; };
		B4EC95802893769C0085FB7E /* Base */ = {isa = PBXFileReference; lastKnownFileType = file.storyboard; name = Base; path = Base.lproj/LaunchScreen.storyboard; sourceTree = "<group>"; };
		B4EC95822893769C0085FB7E /* Info.plist */ = {isa = PBXFileReference; lastKnownFileType = text.plist.xml; path = Info.plist; sourceTree = "<group>"; };
		B4EC958B2894849E0085FB7E /* LoginView.swift */ = {isa = PBXFileReference; lastKnownFileType = sourcecode.swift; path = LoginView.swift; sourceTree = "<group>"; };
		B4EC958E2895E0220085FB7E /* OnboardingContainerViewController.swift */ = {isa = PBXFileReference; lastKnownFileType = sourcecode.swift; path = OnboardingContainerViewController.swift; sourceTree = "<group>"; };
		B4EC95902895F4250085FB7E /* OnboardingViewController.swift */ = {isa = PBXFileReference; lastKnownFileType = sourcecode.swift; path = OnboardingViewController.swift; sourceTree = "<group>"; };
		B4EC9592289608A60085FB7E /* DummyViewController.swift */ = {isa = PBXFileReference; lastKnownFileType = sourcecode.swift; path = DummyViewController.swift; sourceTree = "<group>"; };
		B4EC959428960DD30085FB7E /* LocalState.swift */ = {isa = PBXFileReference; lastKnownFileType = sourcecode.swift; path = LocalState.swift; sourceTree = "<group>"; };
		B4EC9598289618EC0085FB7E /* UIViewController+Utils.swift */ = {isa = PBXFileReference; lastKnownFileType = sourcecode.swift; path = "UIViewController+Utils.swift"; sourceTree = "<group>"; };
		B4EC959A28961A4D0085FB7E /* MainViewController.swift */ = {isa = PBXFileReference; lastKnownFileType = sourcecode.swift; path = MainViewController.swift; sourceTree = "<group>"; };
		B4EC959C28970DB30085FB7E /* AccountSummaryViewController.swift */ = {isa = PBXFileReference; lastKnownFileType = sourcecode.swift; path = AccountSummaryViewController.swift; sourceTree = "<group>"; };
		B4EC959E289711B40085FB7E /* AccountSummaryHeaderView.swift */ = {isa = PBXFileReference; lastKnownFileType = sourcecode.swift; path = AccountSummaryHeaderView.swift; sourceTree = "<group>"; };
		B4EC95A0289711D90085FB7E /* AccountSummaryHeaderView.xib */ = {isa = PBXFileReference; lastKnownFileType = file.xib; path = AccountSummaryHeaderView.xib; sourceTree = "<group>"; };
/* End PBXFileReference section */

/* Begin PBXFrameworksBuildPhase section */
		B4EC956E289376950085FB7E /* Frameworks */ = {
			isa = PBXFrameworksBuildPhase;
			buildActionMask = 2147483647;
			files = (
			);
			runOnlyForDeploymentPostprocessing = 0;
		};
/* End PBXFrameworksBuildPhase section */

/* Begin PBXGroup section */
		B4AFDC3D289749FB0055B860 /* Header */ = {
			isa = PBXGroup;
			children = (
				B4EC959E289711B40085FB7E /* AccountSummaryHeaderView.swift */,
				B4EC95A0289711D90085FB7E /* AccountSummaryHeaderView.xib */,
			);
			path = Header;
			sourceTree = "<group>";
		};
		B4AFDC3E28974A130055B860 /* Cell */ = {
			isa = PBXGroup;
			children = (
				B4AFDC3F28974A3A0055B860 /* AccountSummaryCell.swift */,
			);
			path = Cell;
			sourceTree = "<group>";
		};
		B4EC9568289376950085FB7E = {
			isa = PBXGroup;
			children = (
				B4EC9573289376950085FB7E /* Bankey */,
				B4EC9572289376950085FB7E /* Products */,
			);
			sourceTree = "<group>";
		};
		B4EC9572289376950085FB7E /* Products */ = {
			isa = PBXGroup;
			children = (
				B4EC9571289376950085FB7E /* Bankey.app */,
			);
			name = Products;
			sourceTree = "<group>";
		};
		B4EC9573289376950085FB7E /* Bankey */ = {
			isa = PBXGroup;
			children = (
				B4EC9574289376950085FB7E /* AppDelegate.swift */,
				B4EC959A28961A4D0085FB7E /* MainViewController.swift */,
				B4EC958A289484750085FB7E /* Login */,
				B4EC958D2895DFE80085FB7E /* Onboarding */,
				B4EC95972896188A0085FB7E /* AccountSummary */,
				B4EC959628960DF00085FB7E /* Utils */,
				B4EC95892894843F0085FB7E /* Files */,
			);
			path = Bankey;
			sourceTree = "<group>";
		};
		B4EC95892894843F0085FB7E /* Files */ = {
			isa = PBXGroup;
			children = (
				B4EC957D2893769C0085FB7E /* Assets.xcassets */,
				B4EC957F2893769C0085FB7E /* LaunchScreen.storyboard */,
				B4EC95822893769C0085FB7E /* Info.plist */,
			);
			name = Files;
			sourceTree = "<group>";
		};
		B4EC958A289484750085FB7E /* Login */ = {
			isa = PBXGroup;
			children = (
				B4EC9578289376960085FB7E /* LoginViewController.swift */,
				B4EC958B2894849E0085FB7E /* LoginView.swift */,
				B4EC9592289608A60085FB7E /* DummyViewController.swift */,
			);
			path = Login;
			sourceTree = "<group>";
		};
		B4EC958D2895DFE80085FB7E /* Onboarding */ = {
			isa = PBXGroup;
			children = (
				B4EC958E2895E0220085FB7E /* OnboardingContainerViewController.swift */,
				B4EC95902895F4250085FB7E /* OnboardingViewController.swift */,
			);
			path = Onboarding;
			sourceTree = "<group>";
		};
		B4EC959628960DF00085FB7E /* Utils */ = {
			isa = PBXGroup;
			children = (
				B4EC959428960DD30085FB7E /* LocalState.swift */,
				B4EC9598289618EC0085FB7E /* UIViewController+Utils.swift */,
			);
			path = Utils;
			sourceTree = "<group>";
		};
		B4EC95972896188A0085FB7E /* AccountSummary */ = {
			isa = PBXGroup;
			children = (
				B4EC959C28970DB30085FB7E /* AccountSummaryViewController.swift */,
				B4AFDC3D289749FB0055B860 /* Header */,
				B4AFDC3E28974A130055B860 /* Cell */,
			);
			path = AccountSummary;
			sourceTree = "<group>";
		};
/* End PBXGroup section */

/* Begin PBXNativeTarget section */
		B4EC9570289376950085FB7E /* Bankey */ = {
			isa = PBXNativeTarget;
			buildConfigurationList = B4EC95852893769C0085FB7E /* Build configuration list for PBXNativeTarget "Bankey" */;
			buildPhases = (
				B4EC956D289376950085FB7E /* Sources */,
				B4EC956E289376950085FB7E /* Frameworks */,
				B4EC956F289376950085FB7E /* Resources */,
			);
			buildRules = (
			);
			dependencies = (
			);
			name = Bankey;
			productName = Bankey;
			productReference = B4EC9571289376950085FB7E /* Bankey.app */;
			productType = "com.apple.product-type.application";
		};
/* End PBXNativeTarget section */

/* Begin PBXProject section */
		B4EC9569289376950085FB7E /* Project object */ = {
			isa = PBXProject;
			attributes = {
				BuildIndependentTargetsInParallel = 1;
				LastSwiftUpdateCheck = 1340;
				LastUpgradeCheck = 1340;
				TargetAttributes = {
					B4EC9570289376950085FB7E = {
						CreatedOnToolsVersion = 13.4.1;
					};
				};
			};
			buildConfigurationList = B4EC956C289376950085FB7E /* Build configuration list for PBXProject "Bankey" */;
			compatibilityVersion = "Xcode 13.0";
			developmentRegion = en;
			hasScannedForEncodings = 0;
			knownRegions = (
				en,
				Base,
			);
			mainGroup = B4EC9568289376950085FB7E;
			productRefGroup = B4EC9572289376950085FB7E /* Products */;
			projectDirPath = "";
			projectRoot = "";
			targets = (
				B4EC9570289376950085FB7E /* Bankey */,
			);
		};
/* End PBXProject section */

/* Begin PBXResourcesBuildPhase section */
		B4EC956F289376950085FB7E /* Resources */ = {
			isa = PBXResourcesBuildPhase;
			buildActionMask = 2147483647;
			files = (
				B4EC95A1289711D90085FB7E /* AccountSummaryHeaderView.xib in Resources */,
				B4EC95812893769C0085FB7E /* LaunchScreen.storyboard in Resources */,
				B4EC957E2893769C0085FB7E /* Assets.xcassets in Resources */,
			);
			runOnlyForDeploymentPostprocessing = 0;
		};
/* End PBXResourcesBuildPhase section */

/* Begin PBXSourcesBuildPhase section */
		B4EC956D289376950085FB7E /* Sources */ = {
			isa = PBXSourcesBuildPhase;
			buildActionMask = 2147483647;
			files = (
				B4EC9599289618EC0085FB7E /* UIViewController+Utils.swift in Sources */,
				B4EC958C2894849E0085FB7E /* LoginView.swift in Sources */,
				B4EC959528960DD30085FB7E /* LocalState.swift in Sources */,
				B4EC959F289711B40085FB7E /* AccountSummaryHeaderView.swift in Sources */,
				B4EC9593289608A60085FB7E /* DummyViewController.swift in Sources */,
				B4EC9579289376960085FB7E /* LoginViewController.swift in Sources */,
				B4AFDC4028974A3A0055B860 /* AccountSummaryCell.swift in Sources */,
				B4EC95912895F4250085FB7E /* OnboardingViewController.swift in Sources */,
				B4EC959B28961A4D0085FB7E /* MainViewController.swift in Sources */,
				B4EC959D28970DB30085FB7E /* AccountSummaryViewController.swift in Sources */,
				B4EC9575289376950085FB7E /* AppDelegate.swift in Sources */,
				B4EC958F2895E0220085FB7E /* OnboardingContainerViewController.swift in Sources */,
			);
			runOnlyForDeploymentPostprocessing = 0;
		};
/* End PBXSourcesBuildPhase section */

/* Begin PBXVariantGroup section */
		B4EC957F2893769C0085FB7E /* LaunchScreen.storyboard */ = {
			isa = PBXVariantGroup;
			children = (
				B4EC95802893769C0085FB7E /* Base */,
			);
			name = LaunchScreen.storyboard;
			sourceTree = "<group>";
		};
/* End PBXVariantGroup section */

/* Begin XCBuildConfiguration section */
		B4EC95832893769C0085FB7E /* Debug */ = {
			isa = XCBuildConfiguration;
			buildSettings = {
				ALWAYS_SEARCH_USER_PATHS = NO;
				CLANG_ANALYZER_NONNULL = YES;
				CLANG_ANALYZER_NUMBER_OBJECT_CONVERSION = YES_AGGRESSIVE;
				CLANG_CXX_LANGUAGE_STANDARD = "gnu++17";
				CLANG_ENABLE_MODULES = YES;
				CLANG_ENABLE_OBJC_ARC = YES;
				CLANG_ENABLE_OBJC_WEAK = YES;
				CLANG_WARN_BLOCK_CAPTURE_AUTORELEASING = YES;
				CLANG_WARN_BOOL_CONVERSION = YES;
				CLANG_WARN_COMMA = YES;
				CLANG_WARN_CONSTANT_CONVERSION = YES;
				CLANG_WARN_DEPRECATED_OBJC_IMPLEMENTATIONS = YES;
				CLANG_WARN_DIRECT_OBJC_ISA_USAGE = YES_ERROR;
				CLANG_WARN_DOCUMENTATION_COMMENTS = YES;
				CLANG_WARN_EMPTY_BODY = YES;
				CLANG_WARN_ENUM_CONVERSION = YES;
				CLANG_WARN_INFINITE_RECURSION = YES;
				CLANG_WARN_INT_CONVERSION = YES;
				CLANG_WARN_NON_LITERAL_NULL_CONVERSION = YES;
				CLANG_WARN_OBJC_IMPLICIT_RETAIN_SELF = YES;
				CLANG_WARN_OBJC_LITERAL_CONVERSION = YES;
				CLANG_WARN_OBJC_ROOT_CLASS = YES_ERROR;
				CLANG_WARN_QUOTED_INCLUDE_IN_FRAMEWORK_HEADER = YES;
				CLANG_WARN_RANGE_LOOP_ANALYSIS = YES;
				CLANG_WARN_STRICT_PROTOTYPES = YES;
				CLANG_WARN_SUSPICIOUS_MOVE = YES;
				CLANG_WARN_UNGUARDED_AVAILABILITY = YES_AGGRESSIVE;
				CLANG_WARN_UNREACHABLE_CODE = YES;
				CLANG_WARN__DUPLICATE_METHOD_MATCH = YES;
				COPY_PHASE_STRIP = NO;
				DEBUG_INFORMATION_FORMAT = dwarf;
				ENABLE_STRICT_OBJC_MSGSEND = YES;
				ENABLE_TESTABILITY = YES;
				GCC_C_LANGUAGE_STANDARD = gnu11;
				GCC_DYNAMIC_NO_PIC = NO;
				GCC_NO_COMMON_BLOCKS = YES;
				GCC_OPTIMIZATION_LEVEL = 0;
				GCC_PREPROCESSOR_DEFINITIONS = (
					"DEBUG=1",
					"$(inherited)",
				);
				GCC_WARN_64_TO_32_BIT_CONVERSION = YES;
				GCC_WARN_ABOUT_RETURN_TYPE = YES_ERROR;
				GCC_WARN_UNDECLARED_SELECTOR = YES;
				GCC_WARN_UNINITIALIZED_AUTOS = YES_AGGRESSIVE;
				GCC_WARN_UNUSED_FUNCTION = YES;
				GCC_WARN_UNUSED_VARIABLE = YES;
				IPHONEOS_DEPLOYMENT_TARGET = 15.5;
				MTL_ENABLE_DEBUG_INFO = INCLUDE_SOURCE;
				MTL_FAST_MATH = YES;
				ONLY_ACTIVE_ARCH = YES;
				SDKROOT = iphoneos;
				SWIFT_ACTIVE_COMPILATION_CONDITIONS = DEBUG;
				SWIFT_OPTIMIZATION_LEVEL = "-Onone";
			};
			name = Debug;
		};
		B4EC95842893769C0085FB7E /* Release */ = {
			isa = XCBuildConfiguration;
			buildSettings = {
				ALWAYS_SEARCH_USER_PATHS = NO;
				CLANG_ANALYZER_NONNULL = YES;
				CLANG_ANALYZER_NUMBER_OBJECT_CONVERSION = YES_AGGRESSIVE;
				CLANG_CXX_LANGUAGE_STANDARD = "gnu++17";
				CLANG_ENABLE_MODULES = YES;
				CLANG_ENABLE_OBJC_ARC = YES;
				CLANG_ENABLE_OBJC_WEAK = YES;
				CLANG_WARN_BLOCK_CAPTURE_AUTORELEASING = YES;
				CLANG_WARN_BOOL_CONVERSION = YES;
				CLANG_WARN_COMMA = YES;
				CLANG_WARN_CONSTANT_CONVERSION = YES;
				CLANG_WARN_DEPRECATED_OBJC_IMPLEMENTATIONS = YES;
				CLANG_WARN_DIRECT_OBJC_ISA_USAGE = YES_ERROR;
				CLANG_WARN_DOCUMENTATION_COMMENTS = YES;
				CLANG_WARN_EMPTY_BODY = YES;
				CLANG_WARN_ENUM_CONVERSION = YES;
				CLANG_WARN_INFINITE_RECURSION = YES;
				CLANG_WARN_INT_CONVERSION = YES;
				CLANG_WARN_NON_LITERAL_NULL_CONVERSION = YES;
				CLANG_WARN_OBJC_IMPLICIT_RETAIN_SELF = YES;
				CLANG_WARN_OBJC_LITERAL_CONVERSION = YES;
				CLANG_WARN_OBJC_ROOT_CLASS = YES_ERROR;
				CLANG_WARN_QUOTED_INCLUDE_IN_FRAMEWORK_HEADER = YES;
				CLANG_WARN_RANGE_LOOP_ANALYSIS = YES;
				CLANG_WARN_STRICT_PROTOTYPES = YES;
				CLANG_WARN_SUSPICIOUS_MOVE = YES;
				CLANG_WARN_UNGUARDED_AVAILABILITY = YES_AGGRESSIVE;
				CLANG_WARN_UNREACHABLE_CODE = YES;
				CLANG_WARN__DUPLICATE_METHOD_MATCH = YES;
				COPY_PHASE_STRIP = NO;
				DEBUG_INFORMATION_FORMAT = "dwarf-with-dsym";
				ENABLE_NS_ASSERTIONS = NO;
				ENABLE_STRICT_OBJC_MSGSEND = YES;
				GCC_C_LANGUAGE_STANDARD = gnu11;
				GCC_NO_COMMON_BLOCKS = YES;
				GCC_WARN_64_TO_32_BIT_CONVERSION = YES;
				GCC_WARN_ABOUT_RETURN_TYPE = YES_ERROR;
				GCC_WARN_UNDECLARED_SELECTOR = YES;
				GCC_WARN_UNINITIALIZED_AUTOS = YES_AGGRESSIVE;
				GCC_WARN_UNUSED_FUNCTION = YES;
				GCC_WARN_UNUSED_VARIABLE = YES;
				IPHONEOS_DEPLOYMENT_TARGET = 15.5;
				MTL_ENABLE_DEBUG_INFO = NO;
				MTL_FAST_MATH = YES;
				SDKROOT = iphoneos;
				SWIFT_COMPILATION_MODE = wholemodule;
				SWIFT_OPTIMIZATION_LEVEL = "-O";
				VALIDATE_PRODUCT = YES;
			};
			name = Release;
		};
		B4EC95862893769C0085FB7E /* Debug */ = {
			isa = XCBuildConfiguration;
			buildSettings = {
				ASSETCATALOG_COMPILER_APPICON_NAME = AppIcon;
				ASSETCATALOG_COMPILER_GLOBAL_ACCENT_COLOR_NAME = AccentColor;
				CODE_SIGN_STYLE = Automatic;
				CURRENT_PROJECT_VERSION = 1;
				DEVELOPMENT_TEAM = 3Z4DAK43ND;
				GENERATE_INFOPLIST_FILE = YES;
				INFOPLIST_FILE = Bankey/Info.plist;
				INFOPLIST_KEY_UIApplicationSupportsIndirectInputEvents = YES;
				INFOPLIST_KEY_UILaunchStoryboardName = LaunchScreen;
				INFOPLIST_KEY_UISupportedInterfaceOrientations_iPad = "UIInterfaceOrientationPortrait UIInterfaceOrientationPortraitUpsideDown UIInterfaceOrientationLandscapeLeft UIInterfaceOrientationLandscapeRight";
				INFOPLIST_KEY_UISupportedInterfaceOrientations_iPhone = "UIInterfaceOrientationPortrait UIInterfaceOrientationLandscapeLeft UIInterfaceOrientationLandscapeRight";
				LD_RUNPATH_SEARCH_PATHS = (
					"$(inherited)",
					"@executable_path/Frameworks",
				);
				MARKETING_VERSION = 1.0;
				PRODUCT_BUNDLE_IDENTIFIER = com.tylermadonna.Bankey;
				PRODUCT_NAME = "$(TARGET_NAME)";
				SWIFT_EMIT_LOC_STRINGS = YES;
				SWIFT_VERSION = 5.0;
				TARGETED_DEVICE_FAMILY = "1,2";
			};
			name = Debug;
		};
		B4EC95872893769C0085FB7E /* Release */ = {
			isa = XCBuildConfiguration;
			buildSettings = {
				ASSETCATALOG_COMPILER_APPICON_NAME = AppIcon;
				ASSETCATALOG_COMPILER_GLOBAL_ACCENT_COLOR_NAME = AccentColor;
				CODE_SIGN_STYLE = Automatic;
				CURRENT_PROJECT_VERSION = 1;
				DEVELOPMENT_TEAM = 3Z4DAK43ND;
				GENERATE_INFOPLIST_FILE = YES;
				INFOPLIST_FILE = Bankey/Info.plist;
				INFOPLIST_KEY_UIApplicationSupportsIndirectInputEvents = YES;
				INFOPLIST_KEY_UILaunchStoryboardName = LaunchScreen;
				INFOPLIST_KEY_UISupportedInterfaceOrientations_iPad = "UIInterfaceOrientationPortrait UIInterfaceOrientationPortraitUpsideDown UIInterfaceOrientationLandscapeLeft UIInterfaceOrientationLandscapeRight";
				INFOPLIST_KEY_UISupportedInterfaceOrientations_iPhone = "UIInterfaceOrientationPortrait UIInterfaceOrientationLandscapeLeft UIInterfaceOrientationLandscapeRight";
				LD_RUNPATH_SEARCH_PATHS = (
					"$(inherited)",
					"@executable_path/Frameworks",
				);
				MARKETING_VERSION = 1.0;
				PRODUCT_BUNDLE_IDENTIFIER = com.tylermadonna.Bankey;
				PRODUCT_NAME = "$(TARGET_NAME)";
				SWIFT_EMIT_LOC_STRINGS = YES;
				SWIFT_VERSION = 5.0;
				TARGETED_DEVICE_FAMILY = "1,2";
			};
			name = Release;
		};
/* End XCBuildConfiguration section */

/* Begin XCConfigurationList section */
		B4EC956C289376950085FB7E /* Build configuration list for PBXProject "Bankey" */ = {
			isa = XCConfigurationList;
			buildConfigurations = (
				B4EC95832893769C0085FB7E /* Debug */,
				B4EC95842893769C0085FB7E /* Release */,
			);
			defaultConfigurationIsVisible = 0;
			defaultConfigurationName = Release;
		};
		B4EC95852893769C0085FB7E /* Build configuration list for PBXNativeTarget "Bankey" */ = {
			isa = XCConfigurationList;
			buildConfigurations = (
				B4EC95862893769C0085FB7E /* Debug */,
				B4EC95872893769C0085FB7E /* Release */,
			);
			defaultConfigurationIsVisible = 0;
			defaultConfigurationName = Release;
		};
/* End XCConfigurationList section */
	};
	rootObject = B4EC9569289376950085FB7E /* Project object */;
}
